// !$*UTF8*$!
{
	archiveVersion = 1;
	classes = {
	};
	objectVersion = 77;
	objects = {

/* Begin PBXBuildFile section */
		05335FE47518014B804D5353 /* AuthRepository.swift in Sources */ = {isa = PBXBuildFile; fileRef = 4226271048D1915582D0D2F1 /* AuthRepository.swift */; };
		09F4AF4F95C718502A5B19D0 /* RepositoryFactory.swift in Sources */ = {isa = PBXBuildFile; fileRef = 5D052A3821C29348BE232585 /* RepositoryFactory.swift */; };
		0A3F63FE22D14BE963ADDD91 /* OrderView.swift in Sources */ = {isa = PBXBuildFile; fileRef = F3B3A3717F0711CD3EDDEDB0 /* OrderView.swift */; };
		170A06C0437C78C9B2D2C89F /* SupabaseClientProvider.swift in Sources */ = {isa = PBXBuildFile; fileRef = 9F2F352E3BEA2B79E96A03EC /* SupabaseClientProvider.swift */; };
		184013448853FCEA94DAA491 /* Assets.xcassets in Resources */ = {isa = PBXBuildFile; fileRef = FA3E2F6796126DAAAB596D9B /* Assets.xcassets */; };
		188FD29A66AD36FB8A9CE0E4 /* Supabase in Frameworks */ = {isa = PBXBuildFile; productRef = 2AD7B12CA60FF37BCD99612E /* Supabase */; };
		18DC6670F1FCF8262E2897C5 /* JikoniDesign.swift in Sources */ = {isa = PBXBuildFile; fileRef = C73C11AE5FFDF3F6A4CEAED7 /* JikoniDesign.swift */; };
		1A31311C2ABEEEC79FFBF5C6 /* WelcomeView.swift in Sources */ = {isa = PBXBuildFile; fileRef = 73FEF161A5075EB849D5D70E /* WelcomeView.swift */; };
		209C13890A0C4251E708CCAB /* Review.swift in Sources */ = {isa = PBXBuildFile; fileRef = FC130C9F966913B81EA87E13 /* Review.swift */; };
		272538EEF4780A60458E823A /* InstrumentSerif-Regular.ttf in Resources */ = {isa = PBXBuildFile; fileRef = 1763768E2ECBBF81E3C72C72 /* InstrumentSerif-Regular.ttf */; };
		2B6570D4EBEE3751329FFAD3 /* MockRecipeRepository.swift in Sources */ = {isa = PBXBuildFile; fileRef = 43DB20CBCC6F694B07266E3A /* MockRecipeRepository.swift */; };
		2B873E63B0B73343EDEE6640 /* SupabaseAuthRepository.swift in Sources */ = {isa = PBXBuildFile; fileRef = 0BFAC8C90100DDC738027C6B /* SupabaseAuthRepository.swift */; };
		2EFB3A41ECAF7ED73A003B63 /* VendorDetailView.swift in Sources */ = {isa = PBXBuildFile; fileRef = D3C3AE9DDBC03271AAFFC2A7 /* VendorDetailView.swift */; };
		35549BC41525FD993C28DB01 /* Secrets.plist in Resources */ = {isa = PBXBuildFile; fileRef = 30AF3EC4633B944CEB300239 /* Secrets.plist */; };
		3593CF48776B38172A1A48AC /* Location.swift in Sources */ = {isa = PBXBuildFile; fileRef = ED3D2A1BB9631581B7609269 /* Location.swift */; };
		35A21F3AD73F10087373B632 /* SupabaseVendorRepository.swift in Sources */ = {isa = PBXBuildFile; fileRef = E028DF3443D42B86D4209EBF /* SupabaseVendorRepository.swift */; };
		48CD9D7DC9BBA17783FFE97A /* MarketplaceViewModel.swift in Sources */ = {isa = PBXBuildFile; fileRef = 7C929597FA682290395E99E6 /* MarketplaceViewModel.swift */; };
		5652C5B0DE9CB44D5E7D218B /* ItemDetailView.swift in Sources */ = {isa = PBXBuildFile; fileRef = A5AC6EB4003B0E8675138B0E /* ItemDetailView.swift */; };
		5898A5FEDEFF85C05A03B241 /* PaymentView.swift in Sources */ = {isa = PBXBuildFile; fileRef = 2E0E0AA522A969999E7E3F6C /* PaymentView.swift */; };
		5C017D47412CEEB4019E99AE /* AddressView.swift in Sources */ = {isa = PBXBuildFile; fileRef = C0875A2916D2DF8C6809B52E /* AddressView.swift */; };
		6A03555F8E0E8747389704F5 /* Archivo-Variable.ttf in Resources */ = {isa = PBXBuildFile; fileRef = 7A2B6562F84DCCF01F3D3400 /* Archivo-Variable.ttf */; };
		6C304533C6E087E49407901D /* Recipe.swift in Sources */ = {isa = PBXBuildFile; fileRef = D97EF183D153C40053C3C00A /* Recipe.swift */; };
		776C12F49A29F5C0F24FA747 /* SupabaseConfig.swift in Sources */ = {isa = PBXBuildFile; fileRef = AFEA00DF210A02B6F5842C0F /* SupabaseConfig.swift */; };
		77ACA53C320F601AD96390C0 /* TrackingViewModel.swift in Sources */ = {isa = PBXBuildFile; fileRef = 058045AA6197EEE6F11CE5B2 /* TrackingViewModel.swift */; };
		7AB5B0E79B3B3E31A3A069E9 /* FeedView.swift in Sources */ = {isa = PBXBuildFile; fileRef = 979CC32EAF2B9B5EF9AAEAC7 /* FeedView.swift */; };
		8986B39444CB2B8B6E98D287 /* MockAuthRepository.swift in Sources */ = {isa = PBXBuildFile; fileRef = A8DD0E5BA4B83B313700D263 /* MockAuthRepository.swift */; };
		93780A390618E1F6DCC0B289 /* OrdersView.swift in Sources */ = {isa = PBXBuildFile; fileRef = E6C6FB89EE3CC99EA1543E43 /* OrdersView.swift */; };
		94B07C616D10C20DD83BFBFE /* JikoniApp.swift in Sources */ = {isa = PBXBuildFile; fileRef = 74E556A53F6D825A56E33EAB /* JikoniApp.swift */; };
		94B9CDD18209AB787B49A10F /* FeedViewModel.swift in Sources */ = {isa = PBXBuildFile; fileRef = F0C6F1B86157A1661F250464 /* FeedViewModel.swift */; };
		9C7C55A8FBEB687F3C068ACE /* Ingredient.swift in Sources */ = {isa = PBXBuildFile; fileRef = BAF2A8FC038476316C17E50A /* Ingredient.swift */; };
		A25978FC27E3416B66FC720C /* CartView.swift in Sources */ = {isa = PBXBuildFile; fileRef = A3B9B29399FDAC458DB6A836 /* CartView.swift */; };
		ABB8E9F8D67B5858233E7892 /* TrackingView.swift in Sources */ = {isa = PBXBuildFile; fileRef = F9BEDE2C45D01CDD42A6FCF6 /* TrackingView.swift */; };
		ABF9825BE95436375C872A15 /* CreateRecipeView.swift in Sources */ = {isa = PBXBuildFile; fileRef = 8DF2CA02A26A36AAE0F6B46A /* CreateRecipeView.swift */; };
		B3335FBF832A22E75C095358 /* MockVendorRepository.swift in Sources */ = {isa = PBXBuildFile; fileRef = CAD8BBA49863759F4A5CDDA4 /* MockVendorRepository.swift */; };
		B489FBDC3310C9CAB6FDA26D /* SupabaseOrderRepository.swift in Sources */ = {isa = PBXBuildFile; fileRef = D928F74809756781166CF03B /* SupabaseOrderRepository.swift */; };
		B585374214EF07A4EC90F959 /* RecipeRepository.swift in Sources */ = {isa = PBXBuildFile; fileRef = 7F4F4E64326D93B5F656A229 /* RecipeRepository.swift */; };
		B6875DC225216B10FEF96A95 /* ProfileView.swift in Sources */ = {isa = PBXBuildFile; fileRef = 2932E2572535553822034F76 /* ProfileView.swift */; };
		BEDD549D15C1AE40FA4386A5 /* MockOrderRepository.swift in Sources */ = {isa = PBXBuildFile; fileRef = A92DB90E0099743977688439 /* MockOrderRepository.swift */; };
		BEDF396BDBB7054A21033FFC /* JikoniChrome.swift in Sources */ = {isa = PBXBuildFile; fileRef = 9C70404EF6D4E425200E4E0C /* JikoniChrome.swift */; };
		C6ECEE4C7A83DB4E0B7F9245 /* FloatingCartButton.swift in Sources */ = {isa = PBXBuildFile; fileRef = E56CAE0FF91D532C45B370EB /* FloatingCartButton.swift */; };
		C89A90658C32B827373FB9A5 /* Order.swift in Sources */ = {isa = PBXBuildFile; fileRef = D77C7468996B81C4E6F54EF3 /* Order.swift */; };
		D2CF1DF44F18CD82BE01FD34 /* User.swift in Sources */ = {isa = PBXBuildFile; fileRef = 7A618A1E048DE24D862641A0 /* User.swift */; };
		D4AC7A685251151287841446 /* VendorRepository.swift in Sources */ = {isa = PBXBuildFile; fileRef = 358E4DE43D7925F359821D7B /* VendorRepository.swift */; };
		D641373AD981B7D918919C1A /* CookbookView.swift in Sources */ = {isa = PBXBuildFile; fileRef = FC9D1C3C72A0FC57A4F36600 /* CookbookView.swift */; };
		E3D456D424C92CA8A5DEBB20 /* RecipeDetailView.swift in Sources */ = {isa = PBXBuildFile; fileRef = 26463EF64EE75D3D148AB5EA /* RecipeDetailView.swift */; };
		E5B4E7602AC57E6842D48B32 /* OrderRepository.swift in Sources */ = {isa = PBXBuildFile; fileRef = EBE749AE4B8DCC435AB2C9A2 /* OrderRepository.swift */; };
		E860B75DFCEC47E7E7D3B203 /* Vendor.swift in Sources */ = {isa = PBXBuildFile; fileRef = 34709767C108C4326F1684A2 /* Vendor.swift */; };
		F2FC5D65AEDC6A6FCABEBA56 /* SupabaseRecipeRepository.swift in Sources */ = {isa = PBXBuildFile; fileRef = EE9CB7C020AA003E69C2EE78 /* SupabaseRecipeRepository.swift */; };
		F571A43D95F05F042EA4B519 /* RecipeCard.swift in Sources */ = {isa = PBXBuildFile; fileRef = 1A12E3E5F84A34C5ACFB7E9D /* RecipeCard.swift */; };
		FCD5C7E86D748CE9F26153A1 /* HubViewModel.swift in Sources */ = {isa = PBXBuildFile; fileRef = 04F500BAE75E2C1D7AB753B6 /* HubViewModel.swift */; };
/* End PBXBuildFile section */

/* Begin PBXFileReference section */
		04F500BAE75E2C1D7AB753B6 /* HubViewModel.swift */ = {isa = PBXFileReference; lastKnownFileType = sourcecode.swift; path = HubViewModel.swift; sourceTree = "<group>"; };
		058045AA6197EEE6F11CE5B2 /* TrackingViewModel.swift */ = {isa = PBXFileReference; lastKnownFileType = sourcecode.swift; path = TrackingViewModel.swift; sourceTree = "<group>"; };
		0BFAC8C90100DDC738027C6B /* SupabaseAuthRepository.swift */ = {isa = PBXFileReference; includeInIndex = 1; lastKnownFileType = sourcecode.swift; path = SupabaseAuthRepository.swift; sourceTree = "<group>"; };
		1763768E2ECBBF81E3C72C72 /* InstrumentSerif-Regular.ttf */ = {isa = PBXFileReference; includeInIndex = 1; lastKnownFileType = file; path = "InstrumentSerif-Regular.ttf"; sourceTree = "<group>"; };
		1A12E3E5F84A34C5ACFB7E9D /* RecipeCard.swift */ = {isa = PBXFileReference; includeInIndex = 1; lastKnownFileType = sourcecode.swift; path = RecipeCard.swift; sourceTree = "<group>"; };
		26463EF64EE75D3D148AB5EA /* RecipeDetailView.swift */ = {isa = PBXFileReference; includeInIndex = 1; lastKnownFileType = sourcecode.swift; path = RecipeDetailView.swift; sourceTree = "<group>"; };
		2932E2572535553822034F76 /* ProfileView.swift */ = {isa = PBXFileReference; includeInIndex = 1; lastKnownFileType = sourcecode.swift; path = ProfileView.swift; sourceTree = "<group>"; };
		2E0E0AA522A969999E7E3F6C /* PaymentView.swift */ = {isa = PBXFileReference; includeInIndex = 1; lastKnownFileType = sourcecode.swift; path = PaymentView.swift; sourceTree = "<group>"; };
		30AF3EC4633B944CEB300239 /* Secrets.plist */ = {isa = PBXFileReference; includeInIndex = 1; lastKnownFileType = text.plist.xml; path = Secrets.plist; sourceTree = "<group>"; };
		34709767C108C4326F1684A2 /* Vendor.swift */ = {isa = PBXFileReference; lastKnownFileType = sourcecode.swift; path = Vendor.swift; sourceTree = "<group>"; };
		358E4DE43D7925F359821D7B /* VendorRepository.swift */ = {isa = PBXFileReference; lastKnownFileType = sourcecode.swift; path = VendorRepository.swift; sourceTree = "<group>"; };
		3EEEBD3F130519BB20FA8903 /* Info.plist */ = {isa = PBXFileReference; lastKnownFileType = text.plist; path = Info.plist; sourceTree = "<group>"; };
		4226271048D1915582D0D2F1 /* AuthRepository.swift */ = {isa = PBXFileReference; lastKnownFileType = sourcecode.swift; path = AuthRepository.swift; sourceTree = "<group>"; };
		43DB20CBCC6F694B07266E3A /* MockRecipeRepository.swift */ = {isa = PBXFileReference; lastKnownFileType = sourcecode.swift; path = MockRecipeRepository.swift; sourceTree = "<group>"; };
		52F4734890A351B03C9878F9 /* Jikoni.app */ = {isa = PBXFileReference; explicitFileType = wrapper.application; includeInIndex = 0; path = Jikoni.app; sourceTree = BUILT_PRODUCTS_DIR; };
		5D052A3821C29348BE232585 /* RepositoryFactory.swift */ = {isa = PBXFileReference; includeInIndex = 1; lastKnownFileType = sourcecode.swift; path = RepositoryFactory.swift; sourceTree = "<group>"; };
		73FEF161A5075EB849D5D70E /* WelcomeView.swift */ = {isa = PBXFileReference; includeInIndex = 1; lastKnownFileType = sourcecode.swift; path = WelcomeView.swift; sourceTree = "<group>"; };
		74E556A53F6D825A56E33EAB /* JikoniApp.swift */ = {isa = PBXFileReference; lastKnownFileType = sourcecode.swift; path = JikoniApp.swift; sourceTree = "<group>"; };
		7A2B6562F84DCCF01F3D3400 /* Archivo-Variable.ttf */ = {isa = PBXFileReference; includeInIndex = 1; lastKnownFileType = file; path = "Archivo-Variable.ttf"; sourceTree = "<group>"; };
		7A618A1E048DE24D862641A0 /* User.swift */ = {isa = PBXFileReference; lastKnownFileType = sourcecode.swift; path = User.swift; sourceTree = "<group>"; };
		7C929597FA682290395E99E6 /* MarketplaceViewModel.swift */ = {isa = PBXFileReference; lastKnownFileType = sourcecode.swift; path = MarketplaceViewModel.swift; sourceTree = "<group>"; };
		7F4F4E64326D93B5F656A229 /* RecipeRepository.swift */ = {isa = PBXFileReference; lastKnownFileType = sourcecode.swift; path = RecipeRepository.swift; sourceTree = "<group>"; };
		8DF2CA02A26A36AAE0F6B46A /* CreateRecipeView.swift */ = {isa = PBXFileReference; includeInIndex = 1; lastKnownFileType = sourcecode.swift; path = CreateRecipeView.swift; sourceTree = "<group>"; };
		979CC32EAF2B9B5EF9AAEAC7 /* FeedView.swift */ = {isa = PBXFileReference; includeInIndex = 1; lastKnownFileType = sourcecode.swift; path = FeedView.swift; sourceTree = "<group>"; };
		9C70404EF6D4E425200E4E0C /* JikoniChrome.swift */ = {isa = PBXFileReference; includeInIndex = 1; lastKnownFileType = sourcecode.swift; path = JikoniChrome.swift; sourceTree = "<group>"; };
		9F2F352E3BEA2B79E96A03EC /* SupabaseClientProvider.swift */ = {isa = PBXFileReference; includeInIndex = 1; lastKnownFileType = sourcecode.swift; path = SupabaseClientProvider.swift; sourceTree = "<group>"; };
		A3B9B29399FDAC458DB6A836 /* CartView.swift */ = {isa = PBXFileReference; includeInIndex = 1; lastKnownFileType = sourcecode.swift; path = CartView.swift; sourceTree = "<group>"; };
		A5AC6EB4003B0E8675138B0E /* ItemDetailView.swift */ = {isa = PBXFileReference; includeInIndex = 1; lastKnownFileType = sourcecode.swift; path = ItemDetailView.swift; sourceTree = "<group>"; };
		A8DD0E5BA4B83B313700D263 /* MockAuthRepository.swift */ = {isa = PBXFileReference; lastKnownFileType = sourcecode.swift; path = MockAuthRepository.swift; sourceTree = "<group>"; };
		A92DB90E0099743977688439 /* MockOrderRepository.swift */ = {isa = PBXFileReference; lastKnownFileType = sourcecode.swift; path = MockOrderRepository.swift; sourceTree = "<group>"; };
		AFEA00DF210A02B6F5842C0F /* SupabaseConfig.swift */ = {isa = PBXFileReference; includeInIndex = 1; lastKnownFileType = sourcecode.swift; path = SupabaseConfig.swift; sourceTree = "<group>"; };
		BAF2A8FC038476316C17E50A /* Ingredient.swift */ = {isa = PBXFileReference; lastKnownFileType = sourcecode.swift; path = Ingredient.swift; sourceTree = "<group>"; };
		C0875A2916D2DF8C6809B52E /* AddressView.swift */ = {isa = PBXFileReference; includeInIndex = 1; lastKnownFileType = sourcecode.swift; path = AddressView.swift; sourceTree = "<group>"; };
		C73C11AE5FFDF3F6A4CEAED7 /* JikoniDesign.swift */ = {isa = PBXFileReference; includeInIndex = 1; lastKnownFileType = sourcecode.swift; path = JikoniDesign.swift; sourceTree = "<group>"; };
		CAD8BBA49863759F4A5CDDA4 /* MockVendorRepository.swift */ = {isa = PBXFileReference; lastKnownFileType = sourcecode.swift; path = MockVendorRepository.swift; sourceTree = "<group>"; };
		D3C3AE9DDBC03271AAFFC2A7 /* VendorDetailView.swift */ = {isa = PBXFileReference; includeInIndex = 1; lastKnownFileType = sourcecode.swift; path = VendorDetailView.swift; sourceTree = "<group>"; };
		D77C7468996B81C4E6F54EF3 /* Order.swift */ = {isa = PBXFileReference; lastKnownFileType = sourcecode.swift; path = Order.swift; sourceTree = "<group>"; };
		D928F74809756781166CF03B /* SupabaseOrderRepository.swift */ = {isa = PBXFileReference; includeInIndex = 1; lastKnownFileType = sourcecode.swift; path = SupabaseOrderRepository.swift; sourceTree = "<group>"; };
		D97EF183D153C40053C3C00A /* Recipe.swift */ = {isa = PBXFileReference; lastKnownFileType = sourcecode.swift; path = Recipe.swift; sourceTree = "<group>"; };
		E028DF3443D42B86D4209EBF /* SupabaseVendorRepository.swift */ = {isa = PBXFileReference; includeInIndex = 1; lastKnownFileType = sourcecode.swift; path = SupabaseVendorRepository.swift; sourceTree = "<group>"; };
		E56CAE0FF91D532C45B370EB /* FloatingCartButton.swift */ = {isa = PBXFileReference; includeInIndex = 1; lastKnownFileType = sourcecode.swift; path = FloatingCartButton.swift; sourceTree = "<group>"; };
		E6C6FB89EE3CC99EA1543E43 /* OrdersView.swift */ = {isa = PBXFileReference; includeInIndex = 1; lastKnownFileType = sourcecode.swift; path = OrdersView.swift; sourceTree = "<group>"; };
		EBE749AE4B8DCC435AB2C9A2 /* OrderRepository.swift */ = {isa = PBXFileReference; lastKnownFileType = sourcecode.swift; path = OrderRepository.swift; sourceTree = "<group>"; };
		ED3D2A1BB9631581B7609269 /* Location.swift */ = {isa = PBXFileReference; lastKnownFileType = sourcecode.swift; path = Location.swift; sourceTree = "<group>"; };
		EE9CB7C020AA003E69C2EE78 /* SupabaseRecipeRepository.swift */ = {isa = PBXFileReference; includeInIndex = 1; lastKnownFileType = sourcecode.swift; path = SupabaseRecipeRepository.swift; sourceTree = "<group>"; };
		F0C6F1B86157A1661F250464 /* FeedViewModel.swift */ = {isa = PBXFileReference; lastKnownFileType = sourcecode.swift; path = FeedViewModel.swift; sourceTree = "<group>"; };
		F3B3A3717F0711CD3EDDEDB0 /* OrderView.swift */ = {isa = PBXFileReference; includeInIndex = 1; lastKnownFileType = sourcecode.swift; path = OrderView.swift; sourceTree = "<group>"; };
		F9BEDE2C45D01CDD42A6FCF6 /* TrackingView.swift */ = {isa = PBXFileReference; includeInIndex = 1; lastKnownFileType = sourcecode.swift; path = TrackingView.swift; sourceTree = "<group>"; };
		FA3E2F6796126DAAAB596D9B /* Assets.xcassets */ = {isa = PBXFileReference; lastKnownFileType = folder.assetcatalog; path = Assets.xcassets; sourceTree = "<group>"; };
		FC130C9F966913B81EA87E13 /* Review.swift */ = {isa = PBXFileReference; lastKnownFileType = sourcecode.swift; path = Review.swift; sourceTree = "<group>"; };
		FC9D1C3C72A0FC57A4F36600 /* CookbookView.swift */ = {isa = PBXFileReference; includeInIndex = 1; lastKnownFileType = sourcecode.swift; path = CookbookView.swift; sourceTree = "<group>"; };
/* End PBXFileReference section */

/* Begin PBXFrameworksBuildPhase section */
		C96C8459FDFD224885198011 /* Frameworks */ = {
			isa = PBXFrameworksBuildPhase;
			buildActionMask = 2147483647;
			files = (
				188FD29A66AD36FB8A9CE0E4 /* Supabase in Frameworks */,
			);
			runOnlyForDeploymentPostprocessing = 0;
		};
/* End PBXFrameworksBuildPhase section */

/* Begin PBXGroup section */
		126AD26A979F54F11FBF395F /* Models */ = {
			isa = PBXGroup;
			children = (
				BAF2A8FC038476316C17E50A /* Ingredient.swift */,
				ED3D2A1BB9631581B7609269 /* Location.swift */,
				D77C7468996B81C4E6F54EF3 /* Order.swift */,
				D97EF183D153C40053C3C00A /* Recipe.swift */,
				FC130C9F966913B81EA87E13 /* Review.swift */,
				7A618A1E048DE24D862641A0 /* User.swift */,
				34709767C108C4326F1684A2 /* Vendor.swift */,
			);
			path = Models;
			sourceTree = "<group>";
		};
		142E45FF13E8B283E6CBA161 /* Infrastructure */ = {
			isa = PBXGroup;
			children = (
				2A107DF421BA35E1E0791EA9 /* Supabase */,
				5D052A3821C29348BE232585 /* RepositoryFactory.swift */,
			);
			path = Infrastructure;
			sourceTree = "<group>";
		};
		22CA3B51E593F57D8539139D /* Hub */ = {
			isa = PBXGroup;
			children = (
				04F500BAE75E2C1D7AB753B6 /* HubViewModel.swift */,
				E6C6FB89EE3CC99EA1543E43 /* OrdersView.swift */,
			);
			path = Hub;
			sourceTree = "<group>";
		};
		271D9BDA705C87B16CD9B8F6 /* Presentation */ = {
			isa = PBXGroup;
			children = (
				BD5F6F219269AFDE75520860 /* Components */,
				EBA75AE4E881E76E326CBF57 /* Feed */,
				22CA3B51E593F57D8539139D /* Hub */,
				FC8E1E9FACA4C47322D7BA18 /* Marketplace */,
				7CF940F65DB48A83060C365F /* Profile */,
				BA1CD0BEBCEC5AE0F2C5A6B1 /* Tracking */,
				BD57F8B900DE7AD03C2BBE20 /* DesignSystem */,
				E6FE939D2240157B31264F2D /* Onboarding */,
			);
			path = Presentation;
			sourceTree = "<group>";
		};
		2A107DF421BA35E1E0791EA9 /* Supabase */ = {
			isa = PBXGroup;
			children = (
				AFEA00DF210A02B6F5842C0F /* SupabaseConfig.swift */,
				9F2F352E3BEA2B79E96A03EC /* SupabaseClientProvider.swift */,
			);
			path = Supabase;
			sourceTree = "<group>";
		};
		3D1CEF581052370B0549FB30 /* Fonts */ = {
			isa = PBXGroup;
			children = (
				7A2B6562F84DCCF01F3D3400 /* Archivo-Variable.ttf */,
				1763768E2ECBBF81E3C72C72 /* InstrumentSerif-Regular.ttf */,
			);
			path = Fonts;
			sourceTree = "<group>";
		};
		45D6F9E5EC98897B5959718A /* Remote */ = {
			isa = PBXGroup;
			children = (
				0BFAC8C90100DDC738027C6B /* SupabaseAuthRepository.swift */,
				EE9CB7C020AA003E69C2EE78 /* SupabaseRecipeRepository.swift */,
				E028DF3443D42B86D4209EBF /* SupabaseVendorRepository.swift */,
				D928F74809756781166CF03B /* SupabaseOrderRepository.swift */,
			);
			path = Remote;
			sourceTree = "<group>";
		};
		4C60C6AEFBBB9FB4A77F0BBF = {
			isa = PBXGroup;
			children = (
				FD576B65B39EB2B9000D469D /* Jikoni */,
				7F91937A4862EFACB6718CF8 /* Products */,
			);
			sourceTree = "<group>";
		};
		7CF940F65DB48A83060C365F /* Profile */ = {
			isa = PBXGroup;
			children = (
				2932E2572535553822034F76 /* ProfileView.swift */,
			);
			path = Profile;
			sourceTree = "<group>";
		};
		7F91937A4862EFACB6718CF8 /* Products */ = {
			isa = PBXGroup;
			children = (
				52F4734890A351B03C9878F9 /* Jikoni.app */,
			);
			name = Products;
			sourceTree = "<group>";
		};
		AF2FEB4E6C28925E6678ABA0 /* Resources */ = {
			isa = PBXGroup;
			children = (
				3D1CEF581052370B0549FB30 /* Fonts */,
			);
			path = Resources;
			sourceTree = "<group>";
		};
		BA1CD0BEBCEC5AE0F2C5A6B1 /* Tracking */ = {
			isa = PBXGroup;
			children = (
				058045AA6197EEE6F11CE5B2 /* TrackingViewModel.swift */,
				F9BEDE2C45D01CDD42A6FCF6 /* TrackingView.swift */,
			);
			path = Tracking;
			sourceTree = "<group>";
		};
		BD57F8B900DE7AD03C2BBE20 /* DesignSystem */ = {
			isa = PBXGroup;
			children = (
				C73C11AE5FFDF3F6A4CEAED7 /* JikoniDesign.swift */,
				9C70404EF6D4E425200E4E0C /* JikoniChrome.swift */,
			);
			path = DesignSystem;
			sourceTree = "<group>";
		};
		BD5F6F219269AFDE75520860 /* Components */ = {
			isa = PBXGroup;
			children = (
				1A12E3E5F84A34C5ACFB7E9D /* RecipeCard.swift */,
				E56CAE0FF91D532C45B370EB /* FloatingCartButton.swift */,
			);
			path = Components;
			sourceTree = "<group>";
		};
		C7386D89BBAD8E163FA00BF2 /* Repositories */ = {
			isa = PBXGroup;
			children = (
				4226271048D1915582D0D2F1 /* AuthRepository.swift */,
				EBE749AE4B8DCC435AB2C9A2 /* OrderRepository.swift */,
				7F4F4E64326D93B5F656A229 /* RecipeRepository.swift */,
				358E4DE43D7925F359821D7B /* VendorRepository.swift */,
			);
			path = Repositories;
			sourceTree = "<group>";
		};
		CD3FE5A9321CE11A77DB3E91 /* Data */ = {
			isa = PBXGroup;
			children = (
				E0666A9081045D491BD9BE11 /* Mocks */,
				45D6F9E5EC98897B5959718A /* Remote */,
			);
			path = Data;
			sourceTree = "<group>";
		};
		E0666A9081045D491BD9BE11 /* Mocks */ = {
			isa = PBXGroup;
			children = (
				A8DD0E5BA4B83B313700D263 /* MockAuthRepository.swift */,
				A92DB90E0099743977688439 /* MockOrderRepository.swift */,
				43DB20CBCC6F694B07266E3A /* MockRecipeRepository.swift */,
				CAD8BBA49863759F4A5CDDA4 /* MockVendorRepository.swift */,
			);
			path = Mocks;
			sourceTree = "<group>";
		};
		E6FE939D2240157B31264F2D /* Onboarding */ = {
			isa = PBXGroup;
			children = (
				73FEF161A5075EB849D5D70E /* WelcomeView.swift */,
			);
			path = Onboarding;
			sourceTree = "<group>";
		};
		E775DD49BCE94077B9AEE967 /* Domain */ = {
			isa = PBXGroup;
			children = (
				126AD26A979F54F11FBF395F /* Models */,
				C7386D89BBAD8E163FA00BF2 /* Repositories */,
			);
			path = Domain;
			sourceTree = "<group>";
		};
		EBA75AE4E881E76E326CBF57 /* Feed */ = {
			isa = PBXGroup;
			children = (
				F0C6F1B86157A1661F250464 /* FeedViewModel.swift */,
				979CC32EAF2B9B5EF9AAEAC7 /* FeedView.swift */,
				26463EF64EE75D3D148AB5EA /* RecipeDetailView.swift */,
				FC9D1C3C72A0FC57A4F36600 /* CookbookView.swift */,
				8DF2CA02A26A36AAE0F6B46A /* CreateRecipeView.swift */,
			);
			path = Feed;
			sourceTree = "<group>";
		};
		FC8E1E9FACA4C47322D7BA18 /* Marketplace */ = {
			isa = PBXGroup;
			children = (
				7C929597FA682290395E99E6 /* MarketplaceViewModel.swift */,
				F3B3A3717F0711CD3EDDEDB0 /* OrderView.swift */,
				D3C3AE9DDBC03271AAFFC2A7 /* VendorDetailView.swift */,
				A5AC6EB4003B0E8675138B0E /* ItemDetailView.swift */,
				A3B9B29399FDAC458DB6A836 /* CartView.swift */,
				C0875A2916D2DF8C6809B52E /* AddressView.swift */,
				2E0E0AA522A969999E7E3F6C /* PaymentView.swift */,
			);
			path = Marketplace;
			sourceTree = "<group>";
		};
		FD576B65B39EB2B9000D469D /* Jikoni */ = {
			isa = PBXGroup;
			children = (
				FA3E2F6796126DAAAB596D9B /* Assets.xcassets */,
				3EEEBD3F130519BB20FA8903 /* Info.plist */,
				74E556A53F6D825A56E33EAB /* JikoniApp.swift */,
				CD3FE5A9321CE11A77DB3E91 /* Data */,
				E775DD49BCE94077B9AEE967 /* Domain */,
				142E45FF13E8B283E6CBA161 /* Infrastructure */,
				271D9BDA705C87B16CD9B8F6 /* Presentation */,
				30AF3EC4633B944CEB300239 /* Secrets.plist */,
				AF2FEB4E6C28925E6678ABA0 /* Resources */,
			);
			path = Jikoni;
			sourceTree = "<group>";
		};
/* End PBXGroup section */

/* Begin PBXNativeTarget section */
		6B8A7FCA14FA7DB8B4A4EC98 /* Jikoni */ = {
			isa = PBXNativeTarget;
			buildConfigurationList = BA9BC7B9205823137E4A3705 /* Build configuration list for PBXNativeTarget "Jikoni" */;
			buildPhases = (
				1148635A0A3B83C0EF975AE2 /* Sources */,
				A11D526A12056B4095EAC1E4 /* Resources */,
				C96C8459FDFD224885198011 /* Frameworks */,
			);
			buildRules = (
			);
			dependencies = (
			);
			fileSystemSynchronizedGroups = (
			);
			name = Jikoni;
			packageProductDependencies = (
				2AD7B12CA60FF37BCD99612E /* Supabase */,
			);
			productName = Jikoni;
			productReference = 52F4734890A351B03C9878F9 /* Jikoni.app */;
			productType = "com.apple.product-type.application";
		};
/* End PBXNativeTarget section */

/* Begin PBXProject section */
		EEA6FA31D22CAE548EDA3041 /* Project object */ = {
			isa = PBXProject;
			attributes = {
				BuildIndependentTargetsInParallel = YES;
				LastUpgradeCheck = 1430;
				TargetAttributes = {
					6B8A7FCA14FA7DB8B4A4EC98 = {
						ProvisioningStyle = Automatic;
					};
				};
			};
			buildConfigurationList = F73D70B876D5C89601E417D2 /* Build configuration list for PBXProject "Jikoni" */;
			developmentRegion = en;
			hasScannedForEncodings = 0;
			knownRegions = (
				Base,
				en,
			);
			mainGroup = 4C60C6AEFBBB9FB4A77F0BBF;
			minimizedProjectReferenceProxies = 1;
			packageReferences = (
				970ED109266EB3A3198599FC /* XCRemoteSwiftPackageReference "supabase-swift" */,
			);
			preferredProjectObjectVersion = 77;
			productRefGroup = 7F91937A4862EFACB6718CF8 /* Products */;
			projectDirPath = "";
			projectRoot = "";
			targets = (
				6B8A7FCA14FA7DB8B4A4EC98 /* Jikoni */,
			);
		};
/* End PBXProject section */

/* Begin PBXResourcesBuildPhase section */
		A11D526A12056B4095EAC1E4 /* Resources */ = {
			isa = PBXResourcesBuildPhase;
			buildActionMask = 2147483647;
			files = (
				184013448853FCEA94DAA491 /* Assets.xcassets in Resources */,
				35549BC41525FD993C28DB01 /* Secrets.plist in Resources */,
				6A03555F8E0E8747389704F5 /* Archivo-Variable.ttf in Resources */,
				272538EEF4780A60458E823A /* InstrumentSerif-Regular.ttf in Resources */,
			);
			runOnlyForDeploymentPostprocessing = 0;
		};
/* End PBXResourcesBuildPhase section */

/* Begin PBXSourcesBuildPhase section */
		1148635A0A3B83C0EF975AE2 /* Sources */ = {
			isa = PBXSourcesBuildPhase;
			buildActionMask = 2147483647;
			files = (
				05335FE47518014B804D5353 /* AuthRepository.swift in Sources */,
				94B9CDD18209AB787B49A10F /* FeedViewModel.swift in Sources */,
				FCD5C7E86D748CE9F26153A1 /* HubViewModel.swift in Sources */,
				9C7C55A8FBEB687F3C068ACE /* Ingredient.swift in Sources */,
				94B07C616D10C20DD83BFBFE /* JikoniApp.swift in Sources */,
				3593CF48776B38172A1A48AC /* Location.swift in Sources */,
				48CD9D7DC9BBA17783FFE97A /* MarketplaceViewModel.swift in Sources */,
				8986B39444CB2B8B6E98D287 /* MockAuthRepository.swift in Sources */,
				BEDD549D15C1AE40FA4386A5 /* MockOrderRepository.swift in Sources */,
				2B6570D4EBEE3751329FFAD3 /* MockRecipeRepository.swift in Sources */,
				B3335FBF832A22E75C095358 /* MockVendorRepository.swift in Sources */,
				C89A90658C32B827373FB9A5 /* Order.swift in Sources */,
				E5B4E7602AC57E6842D48B32 /* OrderRepository.swift in Sources */,
				6C304533C6E087E49407901D /* Recipe.swift in Sources */,
				B585374214EF07A4EC90F959 /* RecipeRepository.swift in Sources */,
				209C13890A0C4251E708CCAB /* Review.swift in Sources */,
				77ACA53C320F601AD96390C0 /* TrackingViewModel.swift in Sources */,
				D2CF1DF44F18CD82BE01FD34 /* User.swift in Sources */,
				E860B75DFCEC47E7E7D3B203 /* Vendor.swift in Sources */,
				D4AC7A685251151287841446 /* VendorRepository.swift in Sources */,
				2B873E63B0B73343EDEE6640 /* SupabaseAuthRepository.swift in Sources */,
				F2FC5D65AEDC6A6FCABEBA56 /* SupabaseRecipeRepository.swift in Sources */,
				35A21F3AD73F10087373B632 /* SupabaseVendorRepository.swift in Sources */,
				B489FBDC3310C9CAB6FDA26D /* SupabaseOrderRepository.swift in Sources */,
				776C12F49A29F5C0F24FA747 /* SupabaseConfig.swift in Sources */,
				170A06C0437C78C9B2D2C89F /* SupabaseClientProvider.swift in Sources */,
				09F4AF4F95C718502A5B19D0 /* RepositoryFactory.swift in Sources */,
				18DC6670F1FCF8262E2897C5 /* JikoniDesign.swift in Sources */,
				BEDF396BDBB7054A21033FFC /* JikoniChrome.swift in Sources */,
				1A31311C2ABEEEC79FFBF5C6 /* WelcomeView.swift in Sources */,
				F571A43D95F05F042EA4B519 /* RecipeCard.swift in Sources */,
				7AB5B0E79B3B3E31A3A069E9 /* FeedView.swift in Sources */,
				E3D456D424C92CA8A5DEBB20 /* RecipeDetailView.swift in Sources */,
				D641373AD981B7D918919C1A /* CookbookView.swift in Sources */,
				ABF9825BE95436375C872A15 /* CreateRecipeView.swift in Sources */,
				0A3F63FE22D14BE963ADDD91 /* OrderView.swift in Sources */,
				C6ECEE4C7A83DB4E0B7F9245 /* FloatingCartButton.swift in Sources */,
				2EFB3A41ECAF7ED73A003B63 /* VendorDetailView.swift in Sources */,
				5652C5B0DE9CB44D5E7D218B /* ItemDetailView.swift in Sources */,
				A25978FC27E3416B66FC720C /* CartView.swift in Sources */,
				5C017D47412CEEB4019E99AE /* AddressView.swift in Sources */,
				5898A5FEDEFF85C05A03B241 /* PaymentView.swift in Sources */,
				ABB8E9F8D67B5858233E7892 /* TrackingView.swift in Sources */,
				B6875DC225216B10FEF96A95 /* ProfileView.swift in Sources */,
				93780A390618E1F6DCC0B289 /* OrdersView.swift in Sources */,
			);
			runOnlyForDeploymentPostprocessing = 0;
		};
/* End PBXSourcesBuildPhase section */

/* Begin XCBuildConfiguration section */
		188DFC50DF90B069053AC536 /* Debug */ = {
			isa = XCBuildConfiguration;
			buildSettings = {
				ALWAYS_SEARCH_USER_PATHS = NO;
				CLANG_ANALYZER_NONNULL = YES;
				CLANG_ANALYZER_NUMBER_OBJECT_CONVERSION = YES_AGGRESSIVE;
				CLANG_CXX_LANGUAGE_STANDARD = "gnu++14";
				CLANG_CXX_LIBRARY = "libc++";
				CLANG_ENABLE_MODULES = YES;
				CLANG_ENABLE_OBJC_ARC = YES;
				CLANG_ENABLE_OBJC_WEAK = YES;
				CLANG_WARN_BLOCK_CAPTURE_AUTORELEASING = YES;
				CLANG_WARN_BOOL_CONVERSION = YES;
				CLANG_WARN_COMMA = YES;
				CLANG_WARN_CONSTANT_CONVERSION = YES;
				CLANG_WARN_DEPRECATED_OBJC_IMPLEMENTATIONS = YES;
				CLANG_WARN_DIRECT_OBJC_ISA_USAGE = YES_ERROR;
				CLANG_WARN_DOCUMENTATION_COMMENTS = YES;
				CLANG_WARN_EMPTY_BODY = YES;
				CLANG_WARN_ENUM_CONVERSION = YES;
				CLANG_WARN_INFINITE_RECURSION = YES;
				CLANG_WARN_INT_CONVERSION = YES;
				CLANG_WARN_NON_LITERAL_NULL_CONVERSION = YES;
				CLANG_WARN_OBJC_IMPLICIT_RETAIN_SELF = YES;
				CLANG_WARN_OBJC_LITERAL_CONVERSION = YES;
				CLANG_WARN_OBJC_ROOT_CLASS = YES_ERROR;
				CLANG_WARN_QUOTED_INCLUDE_IN_FRAMEWORK_HEADER = YES;
				CLANG_WARN_RANGE_LOOP_ANALYSIS = YES;
				CLANG_WARN_STRICT_PROTOTYPES = YES;
				CLANG_WARN_SUSPICIOUS_MOVE = YES;
				CLANG_WARN_UNGUARDED_AVAILABILITY = YES_AGGRESSIVE;
				CLANG_WARN_UNREACHABLE_CODE = YES;
				CLANG_WARN__DUPLICATE_METHOD_MATCH = YES;
				COPY_PHASE_STRIP = NO;
				DEBUG_INFORMATION_FORMAT = dwarf;
				ENABLE_STRICT_OBJC_MSGSEND = YES;
				ENABLE_TESTABILITY = YES;
				GCC_C_LANGUAGE_STANDARD = gnu11;
				GCC_DYNAMIC_NO_PIC = NO;
				GCC_NO_COMMON_BLOCKS = YES;
				GCC_OPTIMIZATION_LEVEL = 0;
				GCC_PREPROCESSOR_DEFINITIONS = (
					"$(inherited)",
					"DEBUG=1",
				);
				GCC_WARN_64_TO_32_BIT_CONVERSION = YES;
				GCC_WARN_ABOUT_RETURN_TYPE = YES_ERROR;
				GCC_WARN_UNDECLARED_SELECTOR = YES;
				GCC_WARN_UNINITIALIZED_AUTOS = YES_AGGRESSIVE;
				GCC_WARN_UNUSED_FUNCTION = YES;
				GCC_WARN_UNUSED_VARIABLE = YES;
				MTL_ENABLE_DEBUG_INFO = INCLUDE_SOURCE;
				MTL_FAST_MATH = YES;
				ONLY_ACTIVE_ARCH = YES;
				PRODUCT_NAME = "$(TARGET_NAME)";
				SDKROOT = iphoneos;
				SWIFT_ACTIVE_COMPILATION_CONDITIONS = DEBUG;
				SWIFT_OPTIMIZATION_LEVEL = "-Onone";
				SWIFT_VERSION = 5.0;
			};
			name = Debug;
		};
		52C7BC001CAE9775C8931CB6 /* Release */ = {
			isa = XCBuildConfiguration;
			buildSettings = {
				ASSETCATALOG_COMPILER_APPICON_NAME = AppIcon;
				ASSETCATALOG_COMPILER_GLOBAL_ACCENT_COLOR_NAME = AccentColor;
				CODE_SIGN_IDENTITY = "iPhone Developer";
				CODE_SIGN_STYLE = Automatic;
				DEVELOPMENT_TEAM = FA6S4RKQ23;
				ENABLE_PREVIEWS = YES;
				INFOPLIST_FILE = Jikoni/Info.plist;
				IPHONEOS_DEPLOYMENT_TARGET = 17.0;
				LD_RUNPATH_SEARCH_PATHS = (
					"$(inherited)",
					"@executable_path/Frameworks",
				);
				PRODUCT_BUNDLE_IDENTIFIER = com.sirbor.jikoni;
				SDKROOT = iphoneos;
				TARGETED_DEVICE_FAMILY = "1,2";
			};
			name = Release;
		};
		BEBFA9742286C0BC7894891E /* Debug */ = {
			isa = XCBuildConfiguration;
			buildSettings = {
				ASSETCATALOG_COMPILER_APPICON_NAME = AppIcon;
				ASSETCATALOG_COMPILER_GLOBAL_ACCENT_COLOR_NAME = AccentColor;
				CODE_SIGN_IDENTITY = "iPhone Developer";
				CODE_SIGN_STYLE = Automatic;
				DEVELOPMENT_TEAM = FA6S4RKQ23;
				ENABLE_PREVIEWS = YES;
				INFOPLIST_FILE = Jikoni/Info.plist;
				IPHONEOS_DEPLOYMENT_TARGET = 17.0;
				LD_RUNPATH_SEARCH_PATHS = (
					"$(inherited)",
					"@executable_path/Frameworks",
				);
				PRODUCT_BUNDLE_IDENTIFIER = com.sirbor.jikoni;
				SDKROOT = iphoneos;
				TARGETED_DEVICE_FAMILY = "1,2";
			};
			name = Debug;
		};
		FA7DAE3E3BD0E4889D9FA718 /* Release */ = {
			isa = XCBuildConfiguration;
			buildSettings = {
				ALWAYS_SEARCH_USER_PATHS = NO;
				CLANG_ANALYZER_NONNULL = YES;
				CLANG_ANALYZER_NUMBER_OBJECT_CONVERSION = YES_AGGRESSIVE;
				CLANG_CXX_LANGUAGE_STANDARD = "gnu++14";
				CLANG_CXX_LIBRARY = "libc++";
				CLANG_ENABLE_MODULES = YES;
				CLANG_ENABLE_OBJC_ARC = YES;
				CLANG_ENABLE_OBJC_WEAK = YES;
				CLANG_WARN_BLOCK_CAPTURE_AUTORELEASING = YES;
				CLANG_WARN_BOOL_CONVERSION = YES;
				CLANG_WARN_COMMA = YES;
				CLANG_WARN_CONSTANT_CONVERSION = YES;
				CLANG_WARN_DEPRECATED_OBJC_IMPLEMENTATIONS = YES;
				CLANG_WARN_DIRECT_OBJC_ISA_USAGE = YES_ERROR;
				CLANG_WARN_DOCUMENTATION_COMMENTS = YES;
				CLANG_WARN_EMPTY_BODY = YES;
				CLANG_WARN_ENUM_CONVERSION = YES;
				CLANG_WARN_INFINITE_RECURSION = YES;
				CLANG_WARN_INT_CONVERSION = YES;
				CLANG_WARN_NON_LITERAL_NULL_CONVERSION = YES;
				CLANG_WARN_OBJC_IMPLICIT_RETAIN_SELF = YES;
				CLANG_WARN_OBJC_LITERAL_CONVERSION = YES;
				CLANG_WARN_OBJC_ROOT_CLASS = YES_ERROR;
				CLANG_WARN_QUOTED_INCLUDE_IN_FRAMEWORK_HEADER = YES;
				CLANG_WARN_RANGE_LOOP_ANALYSIS = YES;
				CLANG_WARN_STRICT_PROTOTYPES = YES;
				CLANG_WARN_SUSPICIOUS_MOVE = YES;
				CLANG_WARN_UNGUARDED_AVAILABILITY = YES_AGGRESSIVE;
				CLANG_WARN_UNREACHABLE_CODE = YES;
				CLANG_WARN__DUPLICATE_METHOD_MATCH = YES;
				COPY_PHASE_STRIP = NO;
				DEBUG_INFORMATION_FORMAT = "dwarf-with-dsym";
				ENABLE_NS_ASSERTIONS = NO;
				ENABLE_STRICT_OBJC_MSGSEND = YES;
				GCC_C_LANGUAGE_STANDARD = gnu11;
				GCC_NO_COMMON_BLOCKS = YES;
				GCC_WARN_64_TO_32_BIT_CONVERSION = YES;
				GCC_WARN_ABOUT_RETURN_TYPE = YES_ERROR;
				GCC_WARN_UNDECLARED_SELECTOR = YES;
				GCC_WARN_UNINITIALIZED_AUTOS = YES_AGGRESSIVE;
				GCC_WARN_UNUSED_FUNCTION = YES;
				GCC_WARN_UNUSED_VARIABLE = YES;
				MTL_ENABLE_DEBUG_INFO = NO;
				MTL_FAST_MATH = YES;
				PRODUCT_NAME = "$(TARGET_NAME)";
				SDKROOT = iphoneos;
				SWIFT_COMPILATION_MODE = wholemodule;
				SWIFT_OPTIMIZATION_LEVEL = "-O";
				SWIFT_VERSION = 5.0;
			};
			name = Release;
		};
/* End XCBuildConfiguration section */

/* Begin XCConfigurationList section */
		BA9BC7B9205823137E4A3705 /* Build configuration list for PBXNativeTarget "Jikoni" */ = {
			isa = XCConfigurationList;
			buildConfigurations = (
				BEBFA9742286C0BC7894891E /* Debug */,
				52C7BC001CAE9775C8931CB6 /* Release */,
			);
			defaultConfigurationIsVisible = 0;
			defaultConfigurationName = Debug;
		};
		F73D70B876D5C89601E417D2 /* Build configuration list for PBXProject "Jikoni" */ = {
			isa = XCConfigurationList;
			buildConfigurations = (
				188DFC50DF90B069053AC536 /* Debug */,
				FA7DAE3E3BD0E4889D9FA718 /* Release */,
			);
			defaultConfigurationIsVisible = 0;
			defaultConfigurationName = Debug;
		};
/* End XCConfigurationList section */

/* Begin XCRemoteSwiftPackageReference section */
		970ED109266EB3A3198599FC /* XCRemoteSwiftPackageReference "supabase-swift" */ = {
			isa = XCRemoteSwiftPackageReference;
			repositoryURL = "https://github.com/supabase/supabase-swift";
			requirement = {
				kind = upToNextMajorVersion;
				minimumVersion = 2.0.0;
			};
		};
/* End XCRemoteSwiftPackageReference section */

/* Begin XCSwiftPackageProductDependency section */
		2AD7B12CA60FF37BCD99612E /* Supabase */ = {
			isa = XCSwiftPackageProductDependency;
			package = 970ED109266EB3A3198599FC /* XCRemoteSwiftPackageReference "supabase-swift" */;
			productName = Supabase;
		};
/* End XCSwiftPackageProductDependency section */
	};
	rootObject = EEA6FA31D22CAE548EDA3041 /* Project object */;
}
